
Microsoft Visual Studio Solution File, Format Version 12.00
# Visual Studio Version 16
VisualStudioVersion = 16.0.31702.278
MinimumVisualStudioVersion = 10.0.40219.1
Project("{8BC9CEB8-8B4A-11D0-8D11-00A0C91BC942}") = "Task 4-1", "Task 4-1\Task 4-1.vcxproj", "{6CFAA8D6-B741-4674-94EA-B68381DD5895}"
EndProject
Project("{8BC9CEB8-8B4A-11D0-8D11-00A0C91BC942}") = "Task 4-3", "Task 4-3\Task 4-3.vcxproj", "{04683A93-D8A1-4BDB-8DF0-C3FA2A579B6B}"
EndProject
Project("{8BC9CEB8-8B4A-11D0-8D11-00A0C91BC942}") = "Task 4-2", "Task 4-2\Task 4-2.vcxproj", "{05652915-932D-43B8-9B8D-FA94870A5AED}"
EndProject
Global
	GlobalSection(SolutionConfigurationPlatforms) = preSolution
		Debug|x64 = Debug|x64
		Debug|x86 = Debug|x86
		Release|x64 = Release|x64
		Release|x86 = Release|x86
	EndGlobalSection
	GlobalSection(ProjectConfigurationPlatforms) = postSolution
		{6CFAA8D6-B741-4674-94EA-B68381DD5895}.Debug|x64.ActiveCfg = Debug|x64
		{6CFAA8D6-B741-4674-94EA-B68381DD5895}.Debug|x64.Build.0 = Debug|x64
		{6CFAA8D6-B741-4674-94EA-B68381DD5895}.Debug|x86.ActiveCfg = Debug|Win32
		{6CFAA8D6-B741-4674-94EA-B68381DD5895}.Debug|x86.Build.0 = Debug|Win32
		{6CFAA8D6-B741-4674-94EA-B68381DD5895}.Release|x64.ActiveCfg = Release|x64
		{6CFAA8D6-B741-4674-94EA-B68381DD5895}.Release|x64.Build.0 = Release|x64
		{6CFAA8D6-B741-4674-94EA-B68381DD5895}.Release|x86.ActiveCfg = Release|Win32
		{6CFAA8D6-B741-4674-94EA-B68381DD5895}.Release|x86.Build.0 = Release|Win32
		{04683A93-D8A1-4BDB-8DF0-C3FA2A579B6B}.Debug|x64.ActiveCfg = Debug|x64
		{04683A93-D8A1-4BDB-8DF0-C3FA2A579B6B}.Debug|x64.Build.0 = Debug|x64
		{04683A93-D8A1-4BDB-8DF0-C3FA2A579B6B}.Debug|x86.ActiveCfg = Debug|Win32
		{04683A93-D8A1-4BDB-8DF0-C3FA2A579B6B}.Debug|x86.Build.0 = Debug|Win32
		{04683A93-D8A1-4BDB-8DF0-C3FA2A579B6B}.Release|x64.ActiveCfg = Release|x64
		{04683A93-D8A1-4BDB-8DF0-C3FA2A579B6B}.Release|x64.Build.0 = Release|x64
		{04683A93-D8A1-4BDB-8DF0-C3FA2A579B6B}.Release|x86.ActiveCfg = Release|Win32
		{04683A93-D8A1-4BDB-8DF0-C3FA2A579B6B}.Release|x86.Build.0 = Release|Win32
		{05652915-932D-43B8-9B8D-FA94870A5AED}.Debug|x64.ActiveCfg = Debug|x64
		{05652915-932D-43B8-9B8D-FA94870A5AED}.Debug|x64.Build.0 = Debug|x64
		{05652915-932D-43B8-9B8D-FA94870A5AED}.Debug|x86.ActiveCfg = Debug|Win32
		{05652915-932D-43B8-9B8D-FA94870A5AED}.Debug|x86.Build.0 = Debug|Win32
		{05652915-932D-43B8-9B8D-FA94870A5AED}.Release|x64.ActiveCfg = Release|x64
		{05652915-932D-43B8-9B8D-FA94870A5AED}.Release|x64.Build.0 = Release|x64
		{05652915-932D-43B8-9B8D-FA94870A5AED}.Release|x86.ActiveCfg = Release|Win32
		{05652915-932D-43B8-9B8D-FA94870A5AED}.Release|x86.Build.0 = Release|Win32
	EndGlobalSection
	GlobalSection(SolutionProperties) = preSolution
		HideSolutionNode = FALSE
	EndGlobalSection
	GlobalSection(ExtensibilityGlobals) = postSolution
		SolutionGuid = {CD0DB960-E888-4DC6-AE91-AA0064F0D3B5}
	EndGlobalSection
EndGlobal
